
Microsoft Visual Studio Solution File, Format Version 12.00
# Visual Studio Version 16
VisualStudioVersion = 16.0.30711.63
MinimumVisualStudioVersion = 10.0.40219.1
Project("{FAE04EC0-301F-11D3-BF4B-00C04F79EFBC}") = "Authenticator", "Authenticator\Authenticator.csproj", "{AA6EEF87-F6D1-43A5-ABDC-9F42E61C377B}"
EndProject
Global
	GlobalSection(SolutionConfigurationPlatforms) = preSolution
		Debug|Any CPU = Debug|Any CPU
		Release|Any CPU = Release|Any CPU
	EndGlobalSection
	GlobalSection(ProjectConfigurationPlatforms) = postSolution
		{AA6EEF87-F6D1-43A5-ABDC-9F42E61C377B}.Debug|Any CPU.ActiveCfg = Debug|Any CPU
		{AA6EEF87-F6D1-43A5-ABDC-9F42E61C377B}.Debug|Any CPU.Build.0 = Debug|Any CPU
		{AA6EEF87-F6D1-43A5-ABDC-9F42E61C377B}.Release|Any CPU.ActiveCfg = Release|Any CPU
		{AA6EEF87-F6D1-43A5-ABDC-9F42E61C377B}.Release|Any CPU.Build.0 = Release|Any CPU
	EndGlobalSection
	GlobalSection(SolutionProperties) = preSolution
		HideSolutionNode = FALSE
	EndGlobalSection
	GlobalSection(ExtensibilityGlobals) = postSolution
		SolutionGuid = {41238E6D-AC31-4642-9347-DF4DB3075DD7}
	EndGlobalSection
EndGlobal
